
Microsoft Visual Studio Solution File, Format Version 12.00
# Visual Studio Version 16
VisualStudioVersion = 16.0.34729.46
MinimumVisualStudioVersion = 10.0.40219.1
Project("{FAE04EC0-301F-11D3-BF4B-00C04F79EFBC}") = "FormApp", "FormApp\FormApp.csproj", "{2D25EF29-C275-47D7-9B89-9CA63750E3EA}"
EndProject
Project("{FAE04EC0-301F-11D3-BF4B-00C04F79EFBC}") = "Business", "Business\Business.csproj", "{42CFA635-B082-484D-9121-F656EFDDCB18}"
EndProject
Project("{FAE04EC0-301F-11D3-BF4B-00C04F79EFBC}") = "DataAccess", "DataAccess\DataAccess.csproj", "{94E02A2D-14B9-4F58-B404-68872DA9DBDC}"
EndProject
Global
	GlobalSection(SolutionConfigurationPlatforms) = preSolution
		Debug|Any CPU = Debug|Any CPU
		Release|Any CPU = Release|Any CPU
	EndGlobalSection
	GlobalSection(ProjectConfigurationPlatforms) = postSolution
		{2D25EF29-C275-47D7-9B89-9CA63750E3EA}.Debug|Any CPU.ActiveCfg = Debug|Any CPU
		{2D25EF29-C275-47D7-9B89-9CA63750E3EA}.Debug|Any CPU.Build.0 = Debug|Any CPU
		{2D25EF29-C275-47D7-9B89-9CA63750E3EA}.Release|Any CPU.ActiveCfg = Release|Any CPU
		{2D25EF29-C275-47D7-9B89-9CA63750E3EA}.Release|Any CPU.Build.0 = Release|Any CPU
		{42CFA635-B082-484D-9121-F656EFDDCB18}.Debug|Any CPU.ActiveCfg = Debug|Any CPU
		{42CFA635-B082-484D-9121-F656EFDDCB18}.Debug|Any CPU.Build.0 = Debug|Any CPU
		{42CFA635-B082-484D-9121-F656EFDDCB18}.Release|Any CPU.ActiveCfg = Release|Any CPU
		{42CFA635-B082-484D-9121-F656EFDDCB18}.Release|Any CPU.Build.0 = Release|Any CPU
		{94E02A2D-14B9-4F58-B404-68872DA9DBDC}.Debug|Any CPU.ActiveCfg = Debug|Any CPU
		{94E02A2D-14B9-4F58-B404-68872DA9DBDC}.Debug|Any CPU.Build.0 = Debug|Any CPU
		{94E02A2D-14B9-4F58-B404-68872DA9DBDC}.Release|Any CPU.ActiveCfg = Release|Any CPU
		{94E02A2D-14B9-4F58-B404-68872DA9DBDC}.Release|Any CPU.Build.0 = Release|Any CPU
	EndGlobalSection
	GlobalSection(SolutionProperties) = preSolution
		HideSolutionNode = FALSE
	EndGlobalSection
	GlobalSection(ExtensibilityGlobals) = postSolution
		SolutionGuid = {7DF2CC48-678F-4386-B514-DA921814820E}
	EndGlobalSection
EndGlobal
